# This file is automatically @generated by Poetry 2.1.3 and should not be changed by hand.

[[package]]
name = "mariadb"
version = "1.1.13"
description = "Python MariaDB extension"
optional = false
python-versions = ">=3.8"
groups = ["main"]
files = [
    {file = "mariadb-1.1.13-cp310-cp310-win32.whl", hash = "sha256:f49467e7076819ccf21a7e5ef030761af2160b23ce4484d88d260459809d90ff"},
    {file = "mariadb-1.1.13-cp310-cp310-win_amd64.whl", hash = "sha256:1c9aa9a31f943737c3a58bb4dc9deb9cf2b50b3ec807f90c5c99c7b35f8442bd"},
    {file = "mariadb-1.1.13-cp311-cp311-win32.whl", hash = "sha256:c15ab872f1e951dd1bd4006d2ee2b942156f66c1cd724a1b2992dc02c47dff6a"},
    {file = "mariadb-1.1.13-cp311-cp311-win_amd64.whl", hash = "sha256:d6fa7f2cdfae762d2d69b71e51f61415d0251118a622a6d06c7f05261579100a"},
    {file = "mariadb-1.1.13-cp312-cp312-win32.whl", hash = "sha256:358ecdc8775f4a97357fc233bb84a1c8d8d52866ee5fe98f2d13e9e58a04b6fb"},
    {file = "mariadb-1.1.13-cp312-cp312-win_amd64.whl", hash = "sha256:0604c57e6f90ff7ef190a56894d2b32ca5f0182924b5159be9319ba243ffbf98"},
    {file = "mariadb-1.1.13-cp313-cp313-win32.whl", hash = "sha256:36c644c13ecf3e38cb89f37f9bd054703760b94c881476492fe789801a063ce3"},
    {file = "mariadb-1.1.13-cp313-cp313-win_amd64.whl", hash = "sha256:6ec51ad2e33312c397cfcc5e2bca59861f572d5e8880e025d43db9a5d472a3a9"},
    {file = "mariadb-1.1.13-cp39-cp39-win32.whl", hash = "sha256:d941d5e99cfa86e1f184250fe831f6ee09a103b26675e275186119e455cd95dc"},
    {file = "mariadb-1.1.13-cp39-cp39-win_amd64.whl", hash = "sha256:376c0d120e5ac1f172e1498defb395e2420d5e80b3b26a16b58acf831cb4a53a"},
    {file = "mariadb-1.1.13.tar.gz", hash = "sha256:3a0fd24fae2b9990dc13a0a427a43d4a5434cc2a8c3b260a27f40b7824719037"},
]

[package.dependencies]
packaging = "*"

[[package]]
name = "packaging"
version = "25.0"
description = "Core utilities for Python packages"
optional = false
python-versions = ">=3.8"
groups = ["main"]
files = [
    {file = "packaging-25.0-py3-none-any.whl", hash = "sha256:29572ef2b1f17581046b3a2227d5c611fb25ec70ca1ba8554b24b0e69331a484"},
    {file = "packaging-25.0.tar.gz", hash = "sha256:d443872c98d677bf60f6a1f2f8c1cb748e8fe762d2bf9d3148b5599295b0fc4f"},
]

[[package]]
name = "systemd-python"
version = "234"
description = "Python interface for libsystemd"
optional = false
python-versions = "*"
groups = ["journald"]
files = [
    {file = "systemd-python-234.tar.gz", hash = "sha256:fd0e44bf70eadae45aadc292cb0a7eb5b0b6372cd1b391228047d33895db83e7"},
]

[metadata]
lock-version = "2.1"
python-versions = ">=3.10"
content-hash = "00491ba885d0ff128cc08aa963a4da5d4a27e258f59ed10738192f129cbff52b"
