# This file is automatically @generated by Poetry 2.1.3 and should not be changed by hand.

[[package]]
name = "systemd-python"
version = "234"
description = "Python interface for libsystemd"
optional = false
python-versions = "*"
groups = ["journald"]
files = [
    {file = "systemd-python-234.tar.gz", hash = "sha256:fd0e44bf70eadae45aadc292cb0a7eb5b0b6372cd1b391228047d33895db83e7"},
]

[metadata]
lock-version = "2.1"
python-versions = ">=3.10"
content-hash = "dab5515d99987d97e1bc98e0ab22c1589450af901fa62e12e7df92d6e4193297"
